
Microsoft Visual Studio Solution File, Format Version 12.00
# Visual Studio Version 17
VisualStudioVersion = 17.0.31903.59
MinimumVisualStudioVersion = 10.0.40219.1
Project("{2150E333-8FDC-42A3-9474-1A3956D46DE8}") = "src", "src", "{466505AE-4571-4656-9DC2-1F620216DA1C}"
EndProject
Project("{2150E333-8FDC-42A3-9474-1A3956D46DE8}") = "Packages", "Packages", "{A464B7DF-F2B1-4755-98BC-7BABEFD6FEE2}"
EndProject
Project("{FAE04EC0-301F-11D3-BF4B-00C04F79EFBC}") = "ChaCha.Core", "src\Packages\ChaCha.Core\ChaCha.Core.csproj", "{75128D53-0B27-4BC0-98EB-5A508442CCC8}"
EndProject
Project("{FAE04EC0-301F-11D3-BF4B-00C04F79EFBC}") = "ChaCha.MediatR", "src\Packages\ChaCha.MediatR\ChaCha.MediatR.csproj", "{2DCC1ED7-5B7B-4DFB-9F72-094C80802C51}"
EndProject
Project("{2150E333-8FDC-42A3-9474-1A3956D46DE8}") = "Modules", "Modules", "{4B7ED595-79DF-430C-98DD-8EA37C4CB935}"
EndProject
Project("{2150E333-8FDC-42A3-9474-1A3956D46DE8}") = "Security", "Security", "{C64ADDDD-7AD8-4D44-A775-06E45BA71F0D}"
EndProject
Project("{FAE04EC0-301F-11D3-BF4B-00C04F79EFBC}") = "ChaCha.Security.Application", "src\Modules\Security\ChaCha.Security.Application\ChaCha.Security.Application.csproj", "{E1953D09-4ECA-4766-BB74-020B2BE57C3E}"
EndProject
Project("{FAE04EC0-301F-11D3-BF4B-00C04F79EFBC}") = "ChaCha.Security.Domain", "src\Modules\Security\ChaCha.Security.Domain\ChaCha.Security.Domain.csproj", "{07EDD332-5EDD-4BF6-8A46-499F226AD6DE}"
EndProject
Project("{FAE04EC0-301F-11D3-BF4B-00C04F79EFBC}") = "ChaCha.Security.Infra", "src\Modules\Security\ChaCha.Security.Infra\ChaCha.Security.Infra.csproj", "{9787E559-B26D-4091-A122-1B97AFD1743B}"
EndProject
Project("{2150E333-8FDC-42A3-9474-1A3956D46DE8}") = "API", "API", "{E08D417B-DCBA-4302-BE2A-8B6B64C92764}"
EndProject
Project("{FAE04EC0-301F-11D3-BF4B-00C04F79EFBC}") = "ChaCha.Template.Api", "src\API\ChaCha.Template.Api\ChaCha.Template.Api.csproj", "{87095A53-2790-4F28-8948-A77A97E90E93}"
EndProject
Project("{FAE04EC0-301F-11D3-BF4B-00C04F79EFBC}") = "ChaCha.Data", "src\Packages\ChaCha.Data\ChaCha.Data.csproj", "{F224B656-F66F-40ED-9307-AC784D08D48F}"
EndProject
Project("{FAE04EC0-301F-11D3-BF4B-00C04F79EFBC}") = "ChaCha.Security.Api", "src\Modules\Security\ChaCha.Security.Api\ChaCha.Security.Api.csproj", "{F0ACED71-6D49-48C3-A07B-FB9F6DCC409B}"
EndProject
Project("{FAE04EC0-301F-11D3-BF4B-00C04F79EFBC}") = "ChaCha.Auth", "src\Packages\ChaCha.Auth\ChaCha.Auth.csproj", "{7A0C5D1B-3ADE-4FAD-8EFF-6FF77AF187A8}"
EndProject
Project("{FAE04EC0-301F-11D3-BF4B-00C04F79EFBC}") = "ChaCha.MailerSend.SDK", "src\Packages\ChaCha.MailerSend.SDK\ChaCha.MailerSend.SDK.csproj", "{CD0258CE-1676-4DAC-8799-0242872B6A7C}"
EndProject
Project("{2150E333-8FDC-42A3-9474-1A3956D46DE8}") = "Notification", "Notification", "{49BFC0B9-FC91-4F1B-9944-C16037209830}"
EndProject
Project("{FAE04EC0-301F-11D3-BF4B-00C04F79EFBC}") = "ChaCha.Notification.Domain", "src\Modules\Notification\ChaCha.Notification.Domain\ChaCha.Notification.Domain.csproj", "{E5E148BE-A8DF-4FBB-AAAE-1DDAA5E547EB}"
EndProject
Project("{FAE04EC0-301F-11D3-BF4B-00C04F79EFBC}") = "ChaCha.Notification.Infra", "src\Modules\Notification\ChaCha.Notification.Infra\ChaCha.Notification.Infra.csproj", "{F1943A56-ADE5-4078-B3CE-A2D9A7AA5757}"
EndProject
Project("{FAE04EC0-301F-11D3-BF4B-00C04F79EFBC}") = "ChaCha.Notification.Application", "src\Modules\Notification\ChaCha.Notification.Application\ChaCha.Notification.Application.csproj", "{EC24664D-4A38-4FAC-835F-29F27071BE28}"
EndProject
Project("{FAE04EC0-301F-11D3-BF4B-00C04F79EFBC}") = "ChaCha.Notification.Api", "src\Modules\Notification\ChaCha.Notification.Api\ChaCha.Notification.Api.csproj", "{28658A63-AA5F-455F-9D45-7598B2087D3C}"
EndProject
Project("{FAE04EC0-301F-11D3-BF4B-00C04F79EFBC}") = "ChaCha.Bus", "src\Packages\ChaCha.Bus\ChaCha.Bus.csproj", "{519D6D2A-32A2-48D1-A09A-923F0A9A2180}"
EndProject
Global
	GlobalSection(SolutionConfigurationPlatforms) = preSolution
		Debug|Any CPU = Debug|Any CPU
		Release|Any CPU = Release|Any CPU
	EndGlobalSection
	GlobalSection(SolutionProperties) = preSolution
		HideSolutionNode = FALSE
	EndGlobalSection
	GlobalSection(ProjectConfigurationPlatforms) = postSolution
		{75128D53-0B27-4BC0-98EB-5A508442CCC8}.Debug|Any CPU.ActiveCfg = Debug|Any CPU
		{75128D53-0B27-4BC0-98EB-5A508442CCC8}.Debug|Any CPU.Build.0 = Debug|Any CPU
		{75128D53-0B27-4BC0-98EB-5A508442CCC8}.Release|Any CPU.ActiveCfg = Release|Any CPU
		{75128D53-0B27-4BC0-98EB-5A508442CCC8}.Release|Any CPU.Build.0 = Release|Any CPU
		{2DCC1ED7-5B7B-4DFB-9F72-094C80802C51}.Debug|Any CPU.ActiveCfg = Debug|Any CPU
		{2DCC1ED7-5B7B-4DFB-9F72-094C80802C51}.Debug|Any CPU.Build.0 = Debug|Any CPU
		{2DCC1ED7-5B7B-4DFB-9F72-094C80802C51}.Release|Any CPU.ActiveCfg = Release|Any CPU
		{2DCC1ED7-5B7B-4DFB-9F72-094C80802C51}.Release|Any CPU.Build.0 = Release|Any CPU
		{E1953D09-4ECA-4766-BB74-020B2BE57C3E}.Debug|Any CPU.ActiveCfg = Debug|Any CPU
		{E1953D09-4ECA-4766-BB74-020B2BE57C3E}.Debug|Any CPU.Build.0 = Debug|Any CPU
		{E1953D09-4ECA-4766-BB74-020B2BE57C3E}.Release|Any CPU.ActiveCfg = Release|Any CPU
		{E1953D09-4ECA-4766-BB74-020B2BE57C3E}.Release|Any CPU.Build.0 = Release|Any CPU
		{07EDD332-5EDD-4BF6-8A46-499F226AD6DE}.Debug|Any CPU.ActiveCfg = Debug|Any CPU
		{07EDD332-5EDD-4BF6-8A46-499F226AD6DE}.Debug|Any CPU.Build.0 = Debug|Any CPU
		{07EDD332-5EDD-4BF6-8A46-499F226AD6DE}.Release|Any CPU.ActiveCfg = Release|Any CPU
		{07EDD332-5EDD-4BF6-8A46-499F226AD6DE}.Release|Any CPU.Build.0 = Release|Any CPU
		{9787E559-B26D-4091-A122-1B97AFD1743B}.Debug|Any CPU.ActiveCfg = Debug|Any CPU
		{9787E559-B26D-4091-A122-1B97AFD1743B}.Debug|Any CPU.Build.0 = Debug|Any CPU
		{9787E559-B26D-4091-A122-1B97AFD1743B}.Release|Any CPU.ActiveCfg = Release|Any CPU
		{9787E559-B26D-4091-A122-1B97AFD1743B}.Release|Any CPU.Build.0 = Release|Any CPU
		{87095A53-2790-4F28-8948-A77A97E90E93}.Debug|Any CPU.ActiveCfg = Debug|Any CPU
		{87095A53-2790-4F28-8948-A77A97E90E93}.Debug|Any CPU.Build.0 = Debug|Any CPU
		{87095A53-2790-4F28-8948-A77A97E90E93}.Release|Any CPU.ActiveCfg = Release|Any CPU
		{87095A53-2790-4F28-8948-A77A97E90E93}.Release|Any CPU.Build.0 = Release|Any CPU
		{F224B656-F66F-40ED-9307-AC784D08D48F}.Debug|Any CPU.ActiveCfg = Debug|Any CPU
		{F224B656-F66F-40ED-9307-AC784D08D48F}.Debug|Any CPU.Build.0 = Debug|Any CPU
		{F224B656-F66F-40ED-9307-AC784D08D48F}.Release|Any CPU.ActiveCfg = Release|Any CPU
		{F224B656-F66F-40ED-9307-AC784D08D48F}.Release|Any CPU.Build.0 = Release|Any CPU
		{F0ACED71-6D49-48C3-A07B-FB9F6DCC409B}.Debug|Any CPU.ActiveCfg = Debug|Any CPU
		{F0ACED71-6D49-48C3-A07B-FB9F6DCC409B}.Debug|Any CPU.Build.0 = Debug|Any CPU
		{F0ACED71-6D49-48C3-A07B-FB9F6DCC409B}.Release|Any CPU.ActiveCfg = Release|Any CPU
		{F0ACED71-6D49-48C3-A07B-FB9F6DCC409B}.Release|Any CPU.Build.0 = Release|Any CPU
		{7A0C5D1B-3ADE-4FAD-8EFF-6FF77AF187A8}.Debug|Any CPU.ActiveCfg = Debug|Any CPU
		{7A0C5D1B-3ADE-4FAD-8EFF-6FF77AF187A8}.Debug|Any CPU.Build.0 = Debug|Any CPU
		{7A0C5D1B-3ADE-4FAD-8EFF-6FF77AF187A8}.Release|Any CPU.ActiveCfg = Release|Any CPU
		{7A0C5D1B-3ADE-4FAD-8EFF-6FF77AF187A8}.Release|Any CPU.Build.0 = Release|Any CPU
		{CD0258CE-1676-4DAC-8799-0242872B6A7C}.Debug|Any CPU.ActiveCfg = Debug|Any CPU
		{CD0258CE-1676-4DAC-8799-0242872B6A7C}.Debug|Any CPU.Build.0 = Debug|Any CPU
		{CD0258CE-1676-4DAC-8799-0242872B6A7C}.Release|Any CPU.ActiveCfg = Release|Any CPU
		{CD0258CE-1676-4DAC-8799-0242872B6A7C}.Release|Any CPU.Build.0 = Release|Any CPU
		{E5E148BE-A8DF-4FBB-AAAE-1DDAA5E547EB}.Debug|Any CPU.ActiveCfg = Debug|Any CPU
		{E5E148BE-A8DF-4FBB-AAAE-1DDAA5E547EB}.Debug|Any CPU.Build.0 = Debug|Any CPU
		{E5E148BE-A8DF-4FBB-AAAE-1DDAA5E547EB}.Release|Any CPU.ActiveCfg = Release|Any CPU
		{E5E148BE-A8DF-4FBB-AAAE-1DDAA5E547EB}.Release|Any CPU.Build.0 = Release|Any CPU
		{F1943A56-ADE5-4078-B3CE-A2D9A7AA5757}.Debug|Any CPU.ActiveCfg = Debug|Any CPU
		{F1943A56-ADE5-4078-B3CE-A2D9A7AA5757}.Debug|Any CPU.Build.0 = Debug|Any CPU
		{F1943A56-ADE5-4078-B3CE-A2D9A7AA5757}.Release|Any CPU.ActiveCfg = Release|Any CPU
		{F1943A56-ADE5-4078-B3CE-A2D9A7AA5757}.Release|Any CPU.Build.0 = Release|Any CPU
		{EC24664D-4A38-4FAC-835F-29F27071BE28}.Debug|Any CPU.ActiveCfg = Debug|Any CPU
		{EC24664D-4A38-4FAC-835F-29F27071BE28}.Debug|Any CPU.Build.0 = Debug|Any CPU
		{EC24664D-4A38-4FAC-835F-29F27071BE28}.Release|Any CPU.ActiveCfg = Release|Any CPU
		{EC24664D-4A38-4FAC-835F-29F27071BE28}.Release|Any CPU.Build.0 = Release|Any CPU
		{28658A63-AA5F-455F-9D45-7598B2087D3C}.Debug|Any CPU.ActiveCfg = Debug|Any CPU
		{28658A63-AA5F-455F-9D45-7598B2087D3C}.Debug|Any CPU.Build.0 = Debug|Any CPU
		{28658A63-AA5F-455F-9D45-7598B2087D3C}.Release|Any CPU.ActiveCfg = Release|Any CPU
		{28658A63-AA5F-455F-9D45-7598B2087D3C}.Release|Any CPU.Build.0 = Release|Any CPU
		{519D6D2A-32A2-48D1-A09A-923F0A9A2180}.Debug|Any CPU.ActiveCfg = Debug|Any CPU
		{519D6D2A-32A2-48D1-A09A-923F0A9A2180}.Debug|Any CPU.Build.0 = Debug|Any CPU
		{519D6D2A-32A2-48D1-A09A-923F0A9A2180}.Release|Any CPU.ActiveCfg = Release|Any CPU
		{519D6D2A-32A2-48D1-A09A-923F0A9A2180}.Release|Any CPU.Build.0 = Release|Any CPU
	EndGlobalSection
	GlobalSection(NestedProjects) = preSolution
		{A464B7DF-F2B1-4755-98BC-7BABEFD6FEE2} = {466505AE-4571-4656-9DC2-1F620216DA1C}
		{75128D53-0B27-4BC0-98EB-5A508442CCC8} = {A464B7DF-F2B1-4755-98BC-7BABEFD6FEE2}
		{2DCC1ED7-5B7B-4DFB-9F72-094C80802C51} = {A464B7DF-F2B1-4755-98BC-7BABEFD6FEE2}
		{4B7ED595-79DF-430C-98DD-8EA37C4CB935} = {466505AE-4571-4656-9DC2-1F620216DA1C}
		{C64ADDDD-7AD8-4D44-A775-06E45BA71F0D} = {4B7ED595-79DF-430C-98DD-8EA37C4CB935}
		{E1953D09-4ECA-4766-BB74-020B2BE57C3E} = {C64ADDDD-7AD8-4D44-A775-06E45BA71F0D}
		{07EDD332-5EDD-4BF6-8A46-499F226AD6DE} = {C64ADDDD-7AD8-4D44-A775-06E45BA71F0D}
		{9787E559-B26D-4091-A122-1B97AFD1743B} = {C64ADDDD-7AD8-4D44-A775-06E45BA71F0D}
		{E08D417B-DCBA-4302-BE2A-8B6B64C92764} = {466505AE-4571-4656-9DC2-1F620216DA1C}
		{87095A53-2790-4F28-8948-A77A97E90E93} = {E08D417B-DCBA-4302-BE2A-8B6B64C92764}
		{F224B656-F66F-40ED-9307-AC784D08D48F} = {A464B7DF-F2B1-4755-98BC-7BABEFD6FEE2}
		{F0ACED71-6D49-48C3-A07B-FB9F6DCC409B} = {C64ADDDD-7AD8-4D44-A775-06E45BA71F0D}
		{7A0C5D1B-3ADE-4FAD-8EFF-6FF77AF187A8} = {A464B7DF-F2B1-4755-98BC-7BABEFD6FEE2}
		{CD0258CE-1676-4DAC-8799-0242872B6A7C} = {A464B7DF-F2B1-4755-98BC-7BABEFD6FEE2}
		{49BFC0B9-FC91-4F1B-9944-C16037209830} = {4B7ED595-79DF-430C-98DD-8EA37C4CB935}
		{E5E148BE-A8DF-4FBB-AAAE-1DDAA5E547EB} = {49BFC0B9-FC91-4F1B-9944-C16037209830}
		{F1943A56-ADE5-4078-B3CE-A2D9A7AA5757} = {49BFC0B9-FC91-4F1B-9944-C16037209830}
		{EC24664D-4A38-4FAC-835F-29F27071BE28} = {49BFC0B9-FC91-4F1B-9944-C16037209830}
		{28658A63-AA5F-455F-9D45-7598B2087D3C} = {49BFC0B9-FC91-4F1B-9944-C16037209830}
		{519D6D2A-32A2-48D1-A09A-923F0A9A2180} = {A464B7DF-F2B1-4755-98BC-7BABEFD6FEE2}
	EndGlobalSection
EndGlobal
